// !$*UTF8*$!
{
	archiveVersion = 1;
	classes = {
	};
	objectVersion = 55;
	objects = {

/* Begin PBXBuildFile section */
		7A398B8C27EF392900DA7291 /* ResizableView.swift in Sources */ = {isa = PBXBuildFile; fileRef = 7A398B8B27EF392900DA7291 /* ResizableView.swift */; };
		7A398B8E27EF399400DA7291 /* Transform.swift in Sources */ = {isa = PBXBuildFile; fileRef = 7A398B8D27EF399400DA7291 /* Transform.swift */; };
		7A398B9027EF3B7400DA7291 /* Operators.swift in Sources */ = {isa = PBXBuildFile; fileRef = 7A398B8F27EF3B7400DA7291 /* Operators.swift */; };
		7A553A5327F087A800333D49 /* PreviewData.swift in Sources */ = {isa = PBXBuildFile; fileRef = 7A553A5227F087A800333D49 /* PreviewData.swift */; };
		7A553A5527F0882400333D49 /* TextExtensions.swift in Sources */ = {isa = PBXBuildFile; fileRef = 7A553A5427F0882400333D49 /* TextExtensions.swift */; };
		7A8A03E427F0092D0073096B /* Settings.swift in Sources */ = {isa = PBXBuildFile; fileRef = 7A8A03E327F0092D0073096B /* Settings.swift */; };
		7A8A03E727F00A3E0073096B /* ColorExtensions.swift in Sources */ = {isa = PBXBuildFile; fileRef = 7A8A03E627F00A3E0073096B /* ColorExtensions.swift */; };
		7A8A03EA27F00B6E0073096B /* CardToolbar.swift in Sources */ = {isa = PBXBuildFile; fileRef = 7A8A03E927F00B6E0073096B /* CardToolbar.swift */; };
		7A907CAF27EF5E5A00419B76 /* ViewExtensions.swift in Sources */ = {isa = PBXBuildFile; fileRef = 7A907CAE27EF5E5A00419B76 /* ViewExtensions.swift */; };
		7A964D1D27EF0A21006FF643 /* ViewState.swift in Sources */ = {isa = PBXBuildFile; fileRef = 7A964D1C27EF0A21006FF643 /* ViewState.swift */; };
		7A964D1F27EF0ABB006FF643 /* CardsView.swift in Sources */ = {isa = PBXBuildFile; fileRef = 7A964D1E27EF0ABB006FF643 /* CardsView.swift */; };
		7A964D2127EF0C8C006FF643 /* CardDetailView.swift in Sources */ = {isa = PBXBuildFile; fileRef = 7A964D2027EF0C8C006FF643 /* CardDetailView.swift */; };
		7A964D2327EF0E22006FF643 /* ToolbarButtonView.swift in Sources */ = {isa = PBXBuildFile; fileRef = 7A964D2227EF0E22006FF643 /* ToolbarButtonView.swift */; };
		7A964D2527EF0F8B006FF643 /* CardBottomToolbar.swift in Sources */ = {isa = PBXBuildFile; fileRef = 7A964D2427EF0F8B006FF643 /* CardBottomToolbar.swift */; };
		7A964D2727EF1076006FF643 /* CardModal.swift in Sources */ = {isa = PBXBuildFile; fileRef = 7A964D2627EF1076006FF643 /* CardModal.swift */; };
		7ADCD13F27EEF1EA000F69B0 /* CardsApp.swift in Sources */ = {isa = PBXBuildFile; fileRef = 7ADCD13E27EEF1EA000F69B0 /* CardsApp.swift */; };
		7ADCD14127EEF1EA000F69B0 /* ContentView.swift in Sources */ = {isa = PBXBuildFile; fileRef = 7ADCD14027EEF1EA000F69B0 /* ContentView.swift */; };
		7ADCD14327EEF1EB000F69B0 /* Assets.xcassets in Resources */ = {isa = PBXBuildFile; fileRef = 7ADCD14227EEF1EB000F69B0 /* Assets.xcassets */; };
		7ADCD14627EEF1EB000F69B0 /* Preview Assets.xcassets in Resources */ = {isa = PBXBuildFile; fileRef = 7ADCD14527EEF1EB000F69B0 /* Preview Assets.xcassets */; };
		7ADCD14D27EEF209000F69B0 /* CardsListView.swift in Sources */ = {isa = PBXBuildFile; fileRef = 7ADCD14C27EEF209000F69B0 /* CardsListView.swift */; };
		7ADCD14F27EEF2CC000F69B0 /* CardThumbnailView.swift in Sources */ = {isa = PBXBuildFile; fileRef = 7ADCD14E27EEF2CC000F69B0 /* CardThumbnailView.swift */; };
		7ADCD15127EEF356000F69B0 /* SingleCardView.swift in Sources */ = {isa = PBXBuildFile; fileRef = 7ADCD15027EEF356000F69B0 /* SingleCardView.swift */; };
/* End PBXBuildFile section */

/* Begin PBXFileReference section */
		7A398B8B27EF392900DA7291 /* ResizableView.swift */ = {isa = PBXFileReference; lastKnownFileType = sourcecode.swift; path = ResizableView.swift; sourceTree = "<group>"; };
		7A398B8D27EF399400DA7291 /* Transform.swift */ = {isa = PBXFileReference; lastKnownFileType = sourcecode.swift; path = Transform.swift; sourceTree = "<group>"; };
		7A398B8F27EF3B7400DA7291 /* Operators.swift */ = {isa = PBXFileReference; lastKnownFileType = sourcecode.swift; path = Operators.swift; sourceTree = "<group>"; };
		7A553A5227F087A800333D49 /* PreviewData.swift */ = {isa = PBXFileReference; lastKnownFileType = sourcecode.swift; path = PreviewData.swift; sourceTree = "<group>"; };
		7A553A5427F0882400333D49 /* TextExtensions.swift */ = {isa = PBXFileReference; lastKnownFileType = sourcecode.swift; path = TextExtensions.swift; sourceTree = "<group>"; };
		7A8A03E327F0092D0073096B /* Settings.swift */ = {isa = PBXFileReference; lastKnownFileType = sourcecode.swift; path = Settings.swift; sourceTree = "<group>"; };
		7A8A03E627F00A3E0073096B /* ColorExtensions.swift */ = {isa = PBXFileReference; lastKnownFileType = sourcecode.swift; path = ColorExtensions.swift; sourceTree = "<group>"; };
		7A8A03E927F00B6E0073096B /* CardToolbar.swift */ = {isa = PBXFileReference; lastKnownFileType = sourcecode.swift; path = CardToolbar.swift; sourceTree = "<group>"; };
		7A907CAE27EF5E5A00419B76 /* ViewExtensions.swift */ = {isa = PBXFileReference; lastKnownFileType = sourcecode.swift; path = ViewExtensions.swift; sourceTree = "<group>"; };
		7A964D1C27EF0A21006FF643 /* ViewState.swift */ = {isa = PBXFileReference; lastKnownFileType = sourcecode.swift; path = ViewState.swift; sourceTree = "<group>"; };
		7A964D1E27EF0ABB006FF643 /* CardsView.swift */ = {isa = PBXFileReference; lastKnownFileType = sourcecode.swift; path = CardsView.swift; sourceTree = "<group>"; };
		7A964D2027EF0C8C006FF643 /* CardDetailView.swift */ = {isa = PBXFileReference; lastKnownFileType = sourcecode.swift; path = CardDetailView.swift; sourceTree = "<group>"; };
		7A964D2227EF0E22006FF643 /* ToolbarButtonView.swift */ = {isa = PBXFileReference; lastKnownFileType = sourcecode.swift; path = ToolbarButtonView.swift; sourceTree = "<group>"; };
		7A964D2427EF0F8B006FF643 /* CardBottomToolbar.swift */ = {isa = PBXFileReference; lastKnownFileType = sourcecode.swift; path = CardBottomToolbar.swift; sourceTree = "<group>"; };
		7A964D2627EF1076006FF643 /* CardModal.swift */ = {isa = PBXFileReference; lastKnownFileType = sourcecode.swift; path = CardModal.swift; sourceTree = "<group>"; };
		7ADCD13B27EEF1EA000F69B0 /* Cards.app */ = {isa = PBXFileReference; explicitFileType = wrapper.application; includeInIndex = 0; path = Cards.app; sourceTree = BUILT_PRODUCTS_DIR; };
		7ADCD13E27EEF1EA000F69B0 /* CardsApp.swift */ = {isa = PBXFileReference; lastKnownFileType = sourcecode.swift; path = CardsApp.swift; sourceTree = "<group>"; };
		7ADCD14027EEF1EA000F69B0 /* ContentView.swift */ = {isa = PBXFileReference; lastKnownFileType = sourcecode.swift; path = ContentView.swift; sourceTree = "<group>"; };
		7ADCD14227EEF1EB000F69B0 /* Assets.xcassets */ = {isa = PBXFileReference; lastKnownFileType = folder.assetcatalog; path = Assets.xcassets; sourceTree = "<group>"; };
		7ADCD14527EEF1EB000F69B0 /* Preview Assets.xcassets */ = {isa = PBXFileReference; lastKnownFileType = folder.assetcatalog; path = "Preview Assets.xcassets"; sourceTree = "<group>"; };
		7ADCD14C27EEF209000F69B0 /* CardsListView.swift */ = {isa = PBXFileReference; lastKnownFileType = sourcecode.swift; path = CardsListView.swift; sourceTree = "<group>"; };
		7ADCD14E27EEF2CC000F69B0 /* CardThumbnailView.swift */ = {isa = PBXFileReference; lastKnownFileType = sourcecode.swift; path = CardThumbnailView.swift; sourceTree = "<group>"; };
		7ADCD15027EEF356000F69B0 /* SingleCardView.swift */ = {isa = PBXFileReference; lastKnownFileType = sourcecode.swift; path = SingleCardView.swift; sourceTree = "<group>"; };
/* End PBXFileReference section */

/* Begin PBXFrameworksBuildPhase section */
		7ADCD13827EEF1EA000F69B0 /* Frameworks */ = {
			isa = PBXFrameworksBuildPhase;
			buildActionMask = 2147483647;
			files = (
			);
			runOnlyForDeploymentPostprocessing = 0;
		};
/* End PBXFrameworksBuildPhase section */

/* Begin PBXGroup section */
		7A553A5627F0896000333D49 /* Single Card Views */ = {
			isa = PBXGroup;
			children = (
				7ADCD15027EEF356000F69B0 /* SingleCardView.swift */,
				7A964D2027EF0C8C006FF643 /* CardDetailView.swift */,
				7A964D2227EF0E22006FF643 /* ToolbarButtonView.swift */,
				7A964D2427EF0F8B006FF643 /* CardBottomToolbar.swift */,
			);
			path = "Single Card Views";
			sourceTree = "<group>";
		};
		7A8A03E527F009B30073096B /* Configs */ = {
			isa = PBXGroup;
			children = (
				7A398B8F27EF3B7400DA7291 /* Operators.swift */,
				7A8A03E327F0092D0073096B /* Settings.swift */,
			);
			path = Configs;
			sourceTree = "<group>";
		};
		7A8A03E827F00B270073096B /* ViewModifiers */ = {
			isa = PBXGroup;
			children = (
				7A398B8B27EF392900DA7291 /* ResizableView.swift */,
				7A8A03E927F00B6E0073096B /* CardToolbar.swift */,
			);
			path = ViewModifiers;
			sourceTree = "<group>";
		};
		7A907CB027EF5EA500419B76 /* Extensions */ = {
			isa = PBXGroup;
			children = (
				7A907CAE27EF5E5A00419B76 /* ViewExtensions.swift */,
				7A8A03E627F00A3E0073096B /* ColorExtensions.swift */,
				7A553A5427F0882400333D49 /* TextExtensions.swift */,
			);
			path = Extensions;
			sourceTree = "<group>";
		};
		7A964D2827EF1302006FF643 /* Views */ = {
			isa = PBXGroup;
			children = (
				7A964D1E27EF0ABB006FF643 /* CardsView.swift */,
				7ADCD14C27EEF209000F69B0 /* CardsListView.swift */,
				7ADCD14E27EEF2CC000F69B0 /* CardThumbnailView.swift */,
				7A553A5627F0896000333D49 /* Single Card Views */,
			);
			path = Views;
			sourceTree = "<group>";
		};
		7A964D2927EF130E006FF643 /* Models */ = {
			isa = PBXGroup;
			children = (
				7A964D1C27EF0A21006FF643 /* ViewState.swift */,
				7A964D2627EF1076006FF643 /* CardModal.swift */,
				7A398B8D27EF399400DA7291 /* Transform.swift */,
			);
			path = Models;
			sourceTree = "<group>";
		};
		7ADCD13227EEF1EA000F69B0 = {
			isa = PBXGroup;
			children = (
				7ADCD13D27EEF1EA000F69B0 /* Cards */,
				7ADCD13C27EEF1EA000F69B0 /* Products */,
			);
			sourceTree = "<group>";
		};
		7ADCD13C27EEF1EA000F69B0 /* Products */ = {
			isa = PBXGroup;
			children = (
				7ADCD13B27EEF1EA000F69B0 /* Cards.app */,
			);
			name = Products;
			sourceTree = "<group>";
		};
		7ADCD13D27EEF1EA000F69B0 /* Cards */ = {
			isa = PBXGroup;
			children = (
				7ADCD13E27EEF1EA000F69B0 /* CardsApp.swift */,
				7ADCD14027EEF1EA000F69B0 /* ContentView.swift */,
				7A8A03E527F009B30073096B /* Configs */,
				7A964D2927EF130E006FF643 /* Models */,
				7A907CB027EF5EA500419B76 /* Extensions */,
				7A964D2827EF1302006FF643 /* Views */,
				7A8A03E827F00B270073096B /* ViewModifiers */,
				7ADCD14227EEF1EB000F69B0 /* Assets.xcassets */,
				7ADCD14427EEF1EB000F69B0 /* Preview Content */,
			);
			path = Cards;
			sourceTree = "<group>";
		};
		7ADCD14427EEF1EB000F69B0 /* Preview Content */ = {
			isa = PBXGroup;
			children = (
				7ADCD14527EEF1EB000F69B0 /* Preview Assets.xcassets */,
				7A553A5227F087A800333D49 /* PreviewData.swift */,
			);
			path = "Preview Content";
			sourceTree = "<group>";
		};
/* End PBXGroup section */

/* Begin PBXNativeTarget section */
		7ADCD13A27EEF1EA000F69B0 /* Cards */ = {
			isa = PBXNativeTarget;
			buildConfigurationList = 7ADCD14927EEF1EB000F69B0 /* Build configuration list for PBXNativeTarget "Cards" */;
			buildPhases = (
				7ADCD13727EEF1EA000F69B0 /* Sources */,
				7ADCD13827EEF1EA000F69B0 /* Frameworks */,
				7ADCD13927EEF1EA000F69B0 /* Resources */,
			);
			buildRules = (
			);
			dependencies = (
			);
			name = Cards;
			productName = Cards;
			productReference = 7ADCD13B27EEF1EA000F69B0 /* Cards.app */;
			productType = "com.apple.product-type.application";
		};
/* End PBXNativeTarget section */

/* Begin PBXProject section */
		7ADCD13327EEF1EA000F69B0 /* Project object */ = {
			isa = PBXProject;
			attributes = {
				BuildIndependentTargetsInParallel = 1;
				LastSwiftUpdateCheck = 1330;
				LastUpgradeCheck = 1330;
				TargetAttributes = {
					7ADCD13A27EEF1EA000F69B0 = {
						CreatedOnToolsVersion = 13.3;
					};
				};
			};
			buildConfigurationList = 7ADCD13627EEF1EA000F69B0 /* Build configuration list for PBXProject "Cards" */;
			compatibilityVersion = "Xcode 13.0";
			developmentRegion = en;
			hasScannedForEncodings = 0;
			knownRegions = (
				en,
				Base,
			);
			mainGroup = 7ADCD13227EEF1EA000F69B0;
			productRefGroup = 7ADCD13C27EEF1EA000F69B0 /* Products */;
			projectDirPath = "";
			projectRoot = "";
			targets = (
				7ADCD13A27EEF1EA000F69B0 /* Cards */,
			);
		};
/* End PBXProject section */

/* Begin PBXResourcesBuildPhase section */
		7ADCD13927EEF1EA000F69B0 /* Resources */ = {
			isa = PBXResourcesBuildPhase;
			buildActionMask = 2147483647;
			files = (
				7ADCD14627EEF1EB000F69B0 /* Preview Assets.xcassets in Resources */,
				7ADCD14327EEF1EB000F69B0 /* Assets.xcassets in Resources */,
			);
			runOnlyForDeploymentPostprocessing = 0;
		};
/* End PBXResourcesBuildPhase section */

/* Begin PBXSourcesBuildPhase section */
		7ADCD13727EEF1EA000F69B0 /* Sources */ = {
			isa = PBXSourcesBuildPhase;
			buildActionMask = 2147483647;
			files = (
				7A964D1F27EF0ABB006FF643 /* CardsView.swift in Sources */,
				7ADCD14127EEF1EA000F69B0 /* ContentView.swift in Sources */,
				7A553A5327F087A800333D49 /* PreviewData.swift in Sources */,
				7A398B8C27EF392900DA7291 /* ResizableView.swift in Sources */,
				7A553A5527F0882400333D49 /* TextExtensions.swift in Sources */,
				7ADCD14D27EEF209000F69B0 /* CardsListView.swift in Sources */,
				7A398B8E27EF399400DA7291 /* Transform.swift in Sources */,
				7A964D2327EF0E22006FF643 /* ToolbarButtonView.swift in Sources */,
				7A964D1D27EF0A21006FF643 /* ViewState.swift in Sources */,
				7ADCD13F27EEF1EA000F69B0 /* CardsApp.swift in Sources */,
				7A964D2527EF0F8B006FF643 /* CardBottomToolbar.swift in Sources */,
				7A398B9027EF3B7400DA7291 /* Operators.swift in Sources */,
				7A8A03E427F0092D0073096B /* Settings.swift in Sources */,
				7A907CAF27EF5E5A00419B76 /* ViewExtensions.swift in Sources */,
				7ADCD15127EEF356000F69B0 /* SingleCardView.swift in Sources */,
				7A8A03EA27F00B6E0073096B /* CardToolbar.swift in Sources */,
				7A964D2727EF1076006FF643 /* CardModal.swift in Sources */,
				7ADCD14F27EEF2CC000F69B0 /* CardThumbnailView.swift in Sources */,
				7A964D2127EF0C8C006FF643 /* CardDetailView.swift in Sources */,
				7A8A03E727F00A3E0073096B /* ColorExtensions.swift in Sources */,
			);
			runOnlyForDeploymentPostprocessing = 0;
		};
/* End PBXSourcesBuildPhase section */

/* Begin XCBuildConfiguration section */
		7ADCD14727EEF1EB000F69B0 /* Debug */ = {
			isa = XCBuildConfiguration;
			buildSettings = {
				ALWAYS_SEARCH_USER_PATHS = NO;
				CLANG_ANALYZER_NONNULL = YES;
				CLANG_ANALYZER_NUMBER_OBJECT_CONVERSION = YES_AGGRESSIVE;
				CLANG_CXX_LANGUAGE_STANDARD = "gnu++17";
				CLANG_ENABLE_MODULES = YES;
				CLANG_ENABLE_OBJC_ARC = YES;
				CLANG_ENABLE_OBJC_WEAK = YES;
				CLANG_WARN_BLOCK_CAPTURE_AUTORELEASING = YES;
				CLANG_WARN_BOOL_CONVERSION = YES;
				CLANG_WARN_COMMA = YES;
				CLANG_WARN_CONSTANT_CONVERSION = YES;
				CLANG_WARN_DEPRECATED_OBJC_IMPLEMENTATIONS = YES;
				CLANG_WARN_DIRECT_OBJC_ISA_USAGE = YES_ERROR;
				CLANG_WARN_DOCUMENTATION_COMMENTS = YES;
				CLANG_WARN_EMPTY_BODY = YES;
				CLANG_WARN_ENUM_CONVERSION = YES;
				CLANG_WARN_INFINITE_RECURSION = YES;
				CLANG_WARN_INT_CONVERSION = YES;
				CLANG_WARN_NON_LITERAL_NULL_CONVERSION = YES;
				CLANG_WARN_OBJC_IMPLICIT_RETAIN_SELF = YES;
				CLANG_WARN_OBJC_LITERAL_CONVERSION = YES;
				CLANG_WARN_OBJC_ROOT_CLASS = YES_ERROR;
				CLANG_WARN_QUOTED_INCLUDE_IN_FRAMEWORK_HEADER = YES;
				CLANG_WARN_RANGE_LOOP_ANALYSIS = YES;
				CLANG_WARN_STRICT_PROTOTYPES = YES;
				CLANG_WARN_SUSPICIOUS_MOVE = YES;
				CLANG_WARN_UNGUARDED_AVAILABILITY = YES_AGGRESSIVE;
				CLANG_WARN_UNREACHABLE_CODE = YES;
				CLANG_WARN__DUPLICATE_METHOD_MATCH = YES;
				COPY_PHASE_STRIP = NO;
				DEBUG_INFORMATION_FORMAT = dwarf;
				ENABLE_STRICT_OBJC_MSGSEND = YES;
				ENABLE_TESTABILITY = YES;
				GCC_C_LANGUAGE_STANDARD = gnu11;
				GCC_DYNAMIC_NO_PIC = NO;
				GCC_NO_COMMON_BLOCKS = YES;
				GCC_OPTIMIZATION_LEVEL = 0;
				GCC_PREPROCESSOR_DEFINITIONS = (
					"DEBUG=1",
					"$(inherited)",
				);
				GCC_WARN_64_TO_32_BIT_CONVERSION = YES;
				GCC_WARN_ABOUT_RETURN_TYPE = YES_ERROR;
				GCC_WARN_UNDECLARED_SELECTOR = YES;
				GCC_WARN_UNINITIALIZED_AUTOS = YES_AGGRESSIVE;
				GCC_WARN_UNUSED_FUNCTION = YES;
				GCC_WARN_UNUSED_VARIABLE = YES;
				IPHONEOS_DEPLOYMENT_TARGET = 15.4;
				MTL_ENABLE_DEBUG_INFO = INCLUDE_SOURCE;
				MTL_FAST_MATH = YES;
				ONLY_ACTIVE_ARCH = YES;
				SDKROOT = iphoneos;
				SWIFT_ACTIVE_COMPILATION_CONDITIONS = DEBUG;
				SWIFT_OPTIMIZATION_LEVEL = "-Onone";
			};
			name = Debug;
		};
		7ADCD14827EEF1EB000F69B0 /* Release */ = {
			isa = XCBuildConfiguration;
			buildSettings = {
				ALWAYS_SEARCH_USER_PATHS = NO;
				CLANG_ANALYZER_NONNULL = YES;
				CLANG_ANALYZER_NUMBER_OBJECT_CONVERSION = YES_AGGRESSIVE;
				CLANG_CXX_LANGUAGE_STANDARD = "gnu++17";
				CLANG_ENABLE_MODULES = YES;
				CLANG_ENABLE_OBJC_ARC = YES;
				CLANG_ENABLE_OBJC_WEAK = YES;
				CLANG_WARN_BLOCK_CAPTURE_AUTORELEASING = YES;
				CLANG_WARN_BOOL_CONVERSION = YES;
				CLANG_WARN_COMMA = YES;
				CLANG_WARN_CONSTANT_CONVERSION = YES;
				CLANG_WARN_DEPRECATED_OBJC_IMPLEMENTATIONS = YES;
				CLANG_WARN_DIRECT_OBJC_ISA_USAGE = YES_ERROR;
				CLANG_WARN_DOCUMENTATION_COMMENTS = YES;
				CLANG_WARN_EMPTY_BODY = YES;
				CLANG_WARN_ENUM_CONVERSION = YES;
				CLANG_WARN_INFINITE_RECURSION = YES;
				CLANG_WARN_INT_CONVERSION = YES;
				CLANG_WARN_NON_LITERAL_NULL_CONVERSION = YES;
				CLANG_WARN_OBJC_IMPLICIT_RETAIN_SELF = YES;
				CLANG_WARN_OBJC_LITERAL_CONVERSION = YES;
				CLANG_WARN_OBJC_ROOT_CLASS = YES_ERROR;
				CLANG_WARN_QUOTED_INCLUDE_IN_FRAMEWORK_HEADER = YES;
				CLANG_WARN_RANGE_LOOP_ANALYSIS = YES;
				CLANG_WARN_STRICT_PROTOTYPES = YES;
				CLANG_WARN_SUSPICIOUS_MOVE = YES;
				CLANG_WARN_UNGUARDED_AVAILABILITY = YES_AGGRESSIVE;
				CLANG_WARN_UNREACHABLE_CODE = YES;
				CLANG_WARN__DUPLICATE_METHOD_MATCH = YES;
				COPY_PHASE_STRIP = NO;
				DEBUG_INFORMATION_FORMAT = "dwarf-with-dsym";
				ENABLE_NS_ASSERTIONS = NO;
				ENABLE_STRICT_OBJC_MSGSEND = YES;
				GCC_C_LANGUAGE_STANDARD = gnu11;
				GCC_NO_COMMON_BLOCKS = YES;
				GCC_WARN_64_TO_32_BIT_CONVERSION = YES;
				GCC_WARN_ABOUT_RETURN_TYPE = YES_ERROR;
				GCC_WARN_UNDECLARED_SELECTOR = YES;
				GCC_WARN_UNINITIALIZED_AUTOS = YES_AGGRESSIVE;
				GCC_WARN_UNUSED_FUNCTION = YES;
				GCC_WARN_UNUSED_VARIABLE = YES;
				IPHONEOS_DEPLOYMENT_TARGET = 15.4;
				MTL_ENABLE_DEBUG_INFO = NO;
				MTL_FAST_MATH = YES;
				SDKROOT = iphoneos;
				SWIFT_COMPILATION_MODE = wholemodule;
				SWIFT_OPTIMIZATION_LEVEL = "-O";
				VALIDATE_PRODUCT = YES;
			};
			name = Release;
		};
		7ADCD14A27EEF1EB000F69B0 /* Debug */ = {
			isa = XCBuildConfiguration;
			buildSettings = {
				ASSETCATALOG_COMPILER_APPICON_NAME = AppIcon;
				ASSETCATALOG_COMPILER_GLOBAL_ACCENT_COLOR_NAME = AccentColor;
				CODE_SIGN_STYLE = Automatic;
				CURRENT_PROJECT_VERSION = 1;
				DEVELOPMENT_ASSET_PATHS = "\"Cards/Preview Content\"";
				DEVELOPMENT_TEAM = 6X47T39326;
				ENABLE_PREVIEWS = YES;
				GENERATE_INFOPLIST_FILE = YES;
				INFOPLIST_KEY_UIApplicationSceneManifest_Generation = YES;
				INFOPLIST_KEY_UIApplicationSupportsIndirectInputEvents = YES;
				INFOPLIST_KEY_UILaunchScreen_Generation = YES;
				INFOPLIST_KEY_UISupportedInterfaceOrientations_iPad = "UIInterfaceOrientationPortrait UIInterfaceOrientationPortraitUpsideDown UIInterfaceOrientationLandscapeLeft UIInterfaceOrientationLandscapeRight";
				INFOPLIST_KEY_UISupportedInterfaceOrientations_iPhone = "UIInterfaceOrientationPortrait UIInterfaceOrientationLandscapeLeft UIInterfaceOrientationLandscapeRight";
				LD_RUNPATH_SEARCH_PATHS = (
					"$(inherited)",
					"@executable_path/Frameworks",
				);
				MARKETING_VERSION = 1.0;
				PRODUCT_BUNDLE_IDENTIFIER = com.nathan.Cards;
				PRODUCT_NAME = "$(TARGET_NAME)";
				SWIFT_EMIT_LOC_STRINGS = YES;
				SWIFT_VERSION = 5.0;
				TARGETED_DEVICE_FAMILY = "1,2";
			};
			name = Debug;
		};
		7ADCD14B27EEF1EB000F69B0 /* Release */ = {
			isa = XCBuildConfiguration;
			buildSettings = {
				ASSETCATALOG_COMPILER_APPICON_NAME = AppIcon;
				ASSETCATALOG_COMPILER_GLOBAL_ACCENT_COLOR_NAME = AccentColor;
				CODE_SIGN_STYLE = Automatic;
				CURRENT_PROJECT_VERSION = 1;
				DEVELOPMENT_ASSET_PATHS = "\"Cards/Preview Content\"";
				DEVELOPMENT_TEAM = 6X47T39326;
				ENABLE_PREVIEWS = YES;
				GENERATE_INFOPLIST_FILE = YES;
				INFOPLIST_KEY_UIApplicationSceneManifest_Generation = YES;
				INFOPLIST_KEY_UIApplicationSupportsIndirectInputEvents = YES;
				INFOPLIST_KEY_UILaunchScreen_Generation = YES;
				INFOPLIST_KEY_UISupportedInterfaceOrientations_iPad = "UIInterfaceOrientationPortrait UIInterfaceOrientationPortraitUpsideDown UIInterfaceOrientationLandscapeLeft UIInterfaceOrientationLandscapeRight";
				INFOPLIST_KEY_UISupportedInterfaceOrientations_iPhone = "UIInterfaceOrientationPortrait UIInterfaceOrientationLandscapeLeft UIInterfaceOrientationLandscapeRight";
				LD_RUNPATH_SEARCH_PATHS = (
					"$(inherited)",
					"@executable_path/Frameworks",
				);
				MARKETING_VERSION = 1.0;
				PRODUCT_BUNDLE_IDENTIFIER = com.nathan.Cards;
				PRODUCT_NAME = "$(TARGET_NAME)";
				SWIFT_EMIT_LOC_STRINGS = YES;
				SWIFT_VERSION = 5.0;
				TARGETED_DEVICE_FAMILY = "1,2";
			};
			name = Release;
		};
/* End XCBuildConfiguration section */

/* Begin XCConfigurationList section */
		7ADCD13627EEF1EA000F69B0 /* Build configuration list for PBXProject "Cards" */ = {
			isa = XCConfigurationList;
			buildConfigurations = (
				7ADCD14727EEF1EB000F69B0 /* Debug */,
				7ADCD14827EEF1EB000F69B0 /* Release */,
			);
			defaultConfigurationIsVisible = 0;
			defaultConfigurationName = Release;
		};
		7ADCD14927EEF1EB000F69B0 /* Build configuration list for PBXNativeTarget "Cards" */ = {
			isa = XCConfigurationList;
			buildConfigurations = (
				7ADCD14A27EEF1EB000F69B0 /* Debug */,
				7ADCD14B27EEF1EB000F69B0 /* Release */,
			);
			defaultConfigurationIsVisible = 0;
			defaultConfigurationName = Release;
		};
/* End XCConfigurationList section */
	};
	rootObject = 7ADCD13327EEF1EA000F69B0 /* Project object */;
}
